<?xml version="1.0" encoding="utf-8"?>
<Project ToolsVersion="4.0" xmlns="http://schemas.microsoft.com/developer/msbuild/2003">
  <ItemGroup>
    <Filter Include="Source Files">
      <UniqueIdentifier>{4FC737F1-C7A5-4376-A066-2A32D752A2FF}</UniqueIdentifier>
      <Extensions>cpp;c;cc;cxx;def;odl;idl;hpj;bat;asm;asmx</Extensions>
    </Filter>
    <Filter Include="Header Files">
      <UniqueIdentifier>{93995380-89BD-4b04-88EB-625FBE52EBFB}</UniqueIdentifier>
      <Extensions>h;hh;hpp;hxx;hm;inl;inc;xsd</Extensions>
    </Filter>
    <Filter Include="Resource Files">
      <UniqueIdentifier>{67DA6AB6-F800-4c08-8B7A-83BB121AAD01}</UniqueIdentifier>
      <Extensions>rc;ico;cur;bmp;dlg;rc2;rct;bin;rgs;gif;jpg;jpeg;jpe;resx;tiff;tif;png;wav</Extensions>
    </Filter>
  </ItemGroup>
  <ItemGroup>
    <ClCompile Include="src\ArithmeticRDParser.cpp">
      <Filter>Source Files</Filter>
    </ClCompile>
    <ClCompile Include="src\CommandArgs.cpp">
      <Filter>Source Files</Filter>
    </ClCompile>
    <ClCompile Include="src\FileContainer.cpp">
      <Filter>Source Files</Filter>
    </ClCompile>
    <ClCompile Include="src\FileVerification.cpp">
      <Filter>Source Files</Filter>
    </ClCompile>
    <ClCompile Include="src\Globals.cpp">
      <Filter>Source Files</Filter>
    </ClCompile>
    <ClCompile Include="src\Logging.cpp">
      <Filter>Source Files</Filter>
    </ClCompile>
    <ClCompile Include="src\main.cpp">
      <Filter>Source Files</Filter>
    </ClCompile>
    <ClCompile Include="src\Segment.cpp">
      <Filter>Source Files</Filter>
    </ClCompile>
    <ClCompile Include="src\Statement.cpp">
      <Filter>Source Files</Filter>
    </ClCompile>
    <ClCompile Include="src\Token.cpp">
      <Filter>Source Files</Filter>
    </ClCompile>
    <ClCompile Include="src\Utils.cpp">
      <Filter>Source Files</Filter>
    </ClCompile>
    <ClCompile Include="src\arithmeticparser\Function.cpp">
      <Filter>Source Files</Filter>
    </ClCompile>
    <ClCompile Include="src\arithmeticparser\Operation.cpp">
      <Filter>Source Files</Filter>
    </ClCompile>
    <ClCompile Include="src\arithmeticparser\Value.cpp">
      <Filter>Source Files</Filter>
    </ClCompile>
    <ClCompile Include="src\arithmeticparser\Variable.cpp">
      <Filter>Source Files</Filter>
    </ClCompile>
    <ClCompile Include="src\programstructure\FunctionMapping.cpp">
      <Filter>Source Files</Filter>
    </ClCompile>
    <ClCompile Include="src\symboltable\STController.cpp">
      <Filter>Source Files</Filter>
    </ClCompile>
    <ClCompile Include="src\symboltable\SymbolTable.cpp">
      <Filter>Source Files</Filter>
    </ClCompile>
    <ClCompile Include="src\symboltable\SymbolTableUtils.cpp">
      <Filter>Source Files</Filter>
    </ClCompile>
    <ClCompile Include="src\threeopcode\ThreeOpCode.cpp">
      <Filter>Source Files</Filter>
    </ClCompile>
    <ClCompile Include="src\threeopcode\ThreeOpCodeUtils.cpp">
      <Filter>Source Files</Filter>
    </ClCompile>
    <ClCompile Include="src\tokens\ARITH_FUNCTION.cpp">
      <Filter>Source Files</Filter>
    </ClCompile>
    <ClCompile Include="src\tokens\ASSIGN.cpp">
      <Filter>Source Files</Filter>
    </ClCompile>
    <ClCompile Include="src\tokens\CALL.cpp">
      <Filter>Source Files</Filter>
    </ClCompile>
    <ClCompile Include="src\tokens\COMMON.cpp">
      <Filter>Source Files</Filter>
    </ClCompile>
    <ClCompile Include="src\tokens\DIMENSION.cpp">
      <Filter>Source Files</Filter>
    </ClCompile>
    <ClCompile Include="src\tokens\DO.cpp">
      <Filter>Source Files</Filter>
    </ClCompile>
    <ClCompile Include="src\tokens\END.cpp">
      <Filter>Source Files</Filter>
    </ClCompile>
    <ClCompile Include="src\tokens\EQUIVALENCE.cpp">
      <Filter>Source Files</Filter>
    </ClCompile>
    <ClCompile Include="src\tokens\FORMAT.cpp">
      <Filter>Source Files</Filter>
    </ClCompile>
    <ClCompile Include="src\tokens\GOTO.cpp">
      <Filter>Source Files</Filter>
    </ClCompile>
    <ClCompile Include="src\tokens\IF.cpp">
      <Filter>Source Files</Filter>
    </ClCompile>
    <ClCompile Include="src\tokens\PAUSE.cpp">
      <Filter>Source Files</Filter>
    </ClCompile>
    <ClCompile Include="src\tokens\READ.cpp">
      <Filter>Source Files</Filter>
    </ClCompile>
    <ClCompile Include="src\tokens\RETURN.cpp">
      <Filter>Source Files</Filter>
    </ClCompile>
    <ClCompile Include="src\tokens\REWIND.cpp">
      <Filter>Source Files</Filter>
    </ClCompile>
    <ClCompile Include="src\tokens\STOP.cpp">
      <Filter>Source Files</Filter>
    </ClCompile>
    <ClCompile Include="src\tokens\SUBROUTINE.cpp">
      <Filter>Source Files</Filter>
    </ClCompile>
    <ClCompile Include="src\tokens\VAR_DECLR.cpp">
      <Filter>Source Files</Filter>
    </ClCompile>
    <ClCompile Include="src\parse.tab.cc">
      <Filter>Source Files</Filter>
    </ClCompile>
    <ClCompile Include="src\Tokens\FUNCTION_DEFINITION.cpp">
      <Filter>Source Files</Filter>
    </ClCompile>
    <ClCompile Include="src\lex.flex.cc">
      <Filter>Source Files</Filter>
    </ClCompile>
    <ClCompile Include="src\ProgramStructure\LineMapping.cpp">
      <Filter>Source Files</Filter>
    </ClCompile>
  </ItemGroup>
  <ItemGroup>
    <ClInclude Include="include\ArithmeticRDParser.h">
      <Filter>Header Files</Filter>
    </ClInclude>
    <ClInclude Include="include\CommandArgs.h">
      <Filter>Header Files</Filter>
    </ClInclude>
    <ClInclude Include="include\Constants.h">
      <Filter>Header Files</Filter>
    </ClInclude>
    <ClInclude Include="include\FileContainer.h">
      <Filter>Header Files</Filter>
    </ClInclude>
    <ClInclude Include="include\FileVerification.h">
      <Filter>Header Files</Filter>
    </ClInclude>
    <ClInclude Include="include\Globals.h">
      <Filter>Header Files</Filter>
    </ClInclude>
    <ClInclude Include="include\LabelController.h">
      <Filter>Header Files</Filter>
    </ClInclude>
    <ClInclude Include="include\Logging.h">
      <Filter>Header Files</Filter>
    </ClInclude>
    <ClInclude Include="include\main.h">
      <Filter>Header Files</Filter>
    </ClInclude>
    <ClInclude Include="include\RDParseTreeNode.h">
      <Filter>Header Files</Filter>
    </ClInclude>
    <ClInclude Include="include\Segment.h">
      <Filter>Header Files</Filter>
    </ClInclude>
    <ClInclude Include="include\Statement.h">
      <Filter>Header Files</Filter>
    </ClInclude>
    <ClInclude Include="include\Token.h">
      <Filter>Header Files</Filter>
    </ClInclude>
    <ClInclude Include="include\Token_Headers.h">
      <Filter>Header Files</Filter>
    </ClInclude>
    <ClInclude Include="include\Utils.h">
      <Filter>Header Files</Filter>
    </ClInclude>
    <ClInclude Include="include\cxxopts.hpp">
      <Filter>Header Files</Filter>
    </ClInclude>
    <ClInclude Include="include\arithmeticparser\Function.h">
      <Filter>Header Files</Filter>
    </ClInclude>
    <ClInclude Include="include\arithmeticparser\Operation.h">
      <Filter>Header Files</Filter>
    </ClInclude>
    <ClInclude Include="include\arithmeticparser\Value.h">
      <Filter>Header Files</Filter>
    </ClInclude>
    <ClInclude Include="include\arithmeticparser\Variable.h">
      <Filter>Header Files</Filter>
    </ClInclude>
    <ClInclude Include="include\programstructure\FunctionMapping.h">
      <Filter>Header Files</Filter>
    </ClInclude>
    <ClInclude Include="include\programstructure\LineMapping.h">
      <Filter>Header Files</Filter>
    </ClInclude>
    <ClInclude Include="include\symboltable\STController.h">
      <Filter>Header Files</Filter>
    </ClInclude>
    <ClInclude Include="include\symboltable\SymbolTable.h">
      <Filter>Header Files</Filter>
    </ClInclude>
    <ClInclude Include="include\symboltable\SymbolTableUtils.h">
      <Filter>Header Files</Filter>
    </ClInclude>
    <ClInclude Include="include\threeopcode\ThreeOpCode.h">
      <Filter>Header Files</Filter>
    </ClInclude>
    <ClInclude Include="include\threeopcode\ThreeOpCodeUtils.h">
      <Filter>Header Files</Filter>
    </ClInclude>
    <ClInclude Include="include\tokens\ARITH_FUNCTION.h">
      <Filter>Header Files</Filter>
    </ClInclude>
    <ClInclude Include="include\tokens\ASSIGN.h">
      <Filter>Header Files</Filter>
    </ClInclude>
    <ClInclude Include="include\tokens\CALL.h">
      <Filter>Header Files</Filter>
    </ClInclude>
    <ClInclude Include="include\tokens\COMMON.h">
      <Filter>Header Files</Filter>
    </ClInclude>
    <ClInclude Include="include\tokens\DIMENSION.h">
      <Filter>Header Files</Filter>
    </ClInclude>
    <ClInclude Include="include\tokens\DO.h">
      <Filter>Header Files</Filter>
    </ClInclude>
    <ClInclude Include="include\tokens\END.h">
      <Filter>Header Files</Filter>
    </ClInclude>
    <ClInclude Include="include\tokens\EQUIVALENCE.h">
      <Filter>Header Files</Filter>
    </ClInclude>
    <ClInclude Include="include\tokens\FORMAT.h">
      <Filter>Header Files</Filter>
    </ClInclude>
    <ClInclude Include="include\tokens\FUNCTION.h">
      <Filter>Header Files</Filter>
    </ClInclude>
    <ClInclude Include="include\tokens\GOTO.h">
      <Filter>Header Files</Filter>
    </ClInclude>
    <ClInclude Include="include\tokens\IF.h">
      <Filter>Header Files</Filter>
    </ClInclude>
    <ClInclude Include="include\tokens\PAUSE.h">
      <Filter>Header Files</Filter>
    </ClInclude>
    <ClInclude Include="include\tokens\READ.h">
      <Filter>Header Files</Filter>
    </ClInclude>
    <ClInclude Include="include\tokens\RETURN.h">
      <Filter>Header Files</Filter>
    </ClInclude>
    <ClInclude Include="include\tokens\REWIND.h">
      <Filter>Header Files</Filter>
    </ClInclude>
    <ClInclude Include="include\tokens\STOP.h">
      <Filter>Header Files</Filter>
    </ClInclude>
    <ClInclude Include="include\tokens\SUBROUTINE.h">
      <Filter>Header Files</Filter>
    </ClInclude>
    <ClInclude Include="include\tokens\VAR_DECLR.h">
      <Filter>Header Files</Filter>
    </ClInclude>
    <ClInclude Include="src\parse.tab.h">
      <Filter>Header Files</Filter>
    </ClInclude>
    <ClInclude Include="src\parse.tab.hh">
      <Filter>Header Files</Filter>
    </ClInclude>
  </ItemGroup>
  <ItemGroup>
    <Flex Include="src\lex.l" />
  </ItemGroup>
  <ItemGroup>
    <Bison Include="src\parse.y" />
  </ItemGroup>
</Project>